
Microsoft Visual Studio Solution File, Format Version 12.00
# Visual Studio Version 16
VisualStudioVersion = 25.0.1706.7
MinimumVisualStudioVersion = 10.0.40219.1
Project("{FAE04EC0-301F-11D3-BF4B-00C04F79EFBC}") = "Eways", "Eways\Eways.csproj", "{39389E3B-5641-41E4-92D0-DCB38355A2C4}"
EndProject
Project("{FAE04EC0-301F-11D3-BF4B-00C04F79EFBC}") = "Eways.Infrastructure", "Eways.Infrastructure\Eways.Infrastructure.csproj", "{24393876-BCBC-41CA-8C6D-78BAAD932C3A}"
EndProject
Project("{FAE04EC0-301F-11D3-BF4B-00C04F79EFBC}") = "Eways.Repository", "Eways.Repository\Eways.Repository.csproj", "{D64FD3A8-B9F9-4F6A-9E07-5F36C23BC22B}"
EndProject
Global
	GlobalSection(SolutionConfigurationPlatforms) = preSolution
		Debug|Any CPU = Debug|Any CPU
		Release|Any CPU = Release|Any CPU
	EndGlobalSection
	GlobalSection(ProjectConfigurationPlatforms) = postSolution
		{39389E3B-5641-41E4-92D0-DCB38355A2C4}.Debug|Any CPU.ActiveCfg = Debug|Any CPU
		{39389E3B-5641-41E4-92D0-DCB38355A2C4}.Debug|Any CPU.Build.0 = Debug|Any CPU
		{39389E3B-5641-41E4-92D0-DCB38355A2C4}.Release|Any CPU.ActiveCfg = Release|Any CPU
		{39389E3B-5641-41E4-92D0-DCB38355A2C4}.Release|Any CPU.Build.0 = Release|Any CPU
		{24393876-BCBC-41CA-8C6D-78BAAD932C3A}.Debug|Any CPU.ActiveCfg = Debug|Any CPU
		{24393876-BCBC-41CA-8C6D-78BAAD932C3A}.Debug|Any CPU.Build.0 = Debug|Any CPU
		{24393876-BCBC-41CA-8C6D-78BAAD932C3A}.Release|Any CPU.ActiveCfg = Release|Any CPU
		{24393876-BCBC-41CA-8C6D-78BAAD932C3A}.Release|Any CPU.Build.0 = Release|Any CPU
		{D64FD3A8-B9F9-4F6A-9E07-5F36C23BC22B}.Debug|Any CPU.ActiveCfg = Debug|Any CPU
		{D64FD3A8-B9F9-4F6A-9E07-5F36C23BC22B}.Debug|Any CPU.Build.0 = Debug|Any CPU
		{D64FD3A8-B9F9-4F6A-9E07-5F36C23BC22B}.Release|Any CPU.ActiveCfg = Release|Any CPU
		{D64FD3A8-B9F9-4F6A-9E07-5F36C23BC22B}.Release|Any CPU.Build.0 = Release|Any CPU
	EndGlobalSection
	GlobalSection(SolutionProperties) = preSolution
		HideSolutionNode = FALSE
	EndGlobalSection
	GlobalSection(ExtensibilityGlobals) = postSolution
		SolutionGuid = {EE20639B-A602-4CFE-8343-0874FB734880}
	EndGlobalSection
EndGlobal
